
Microsoft Visual Studio Solution File, Format Version 12.00
# Visual Studio Version 16
VisualStudioVersion = 16.0.31911.196
MinimumVisualStudioVersion = 10.0.40219.1
Project("{FAE04EC0-301F-11D3-BF4B-00C04F79EFBC}") = "Find_file_and_dll", "Find_file_and_dll.csproj", "{544295E1-7001-483F-BDE9-C7B5326BC615}"
EndProject
Global
	GlobalSection(SolutionConfigurationPlatforms) = preSolution
		Debug|Any CPU = Debug|Any CPU
		Release|Any CPU = Release|Any CPU
	EndGlobalSection
	GlobalSection(ProjectConfigurationPlatforms) = postSolution
		{544295E1-7001-483F-BDE9-C7B5326BC615}.Debug|Any CPU.ActiveCfg = Debug|Any CPU
		{544295E1-7001-483F-BDE9-C7B5326BC615}.Debug|Any CPU.Build.0 = Debug|Any CPU
		{544295E1-7001-483F-BDE9-C7B5326BC615}.Release|Any CPU.ActiveCfg = Release|Any CPU
		{544295E1-7001-483F-BDE9-C7B5326BC615}.Release|Any CPU.Build.0 = Release|Any CPU
	EndGlobalSection
	GlobalSection(SolutionProperties) = preSolution
		HideSolutionNode = FALSE
	EndGlobalSection
	GlobalSection(ExtensibilityGlobals) = postSolution
		SolutionGuid = {96BE4D44-D390-400F-975F-1C1B26AE312A}
	EndGlobalSection
EndGlobal
